
Microsoft Visual Studio Solution File, Format Version 12.00
# Visual Studio 15
VisualStudioVersion = 15.0.28010.2026
MinimumVisualStudioVersion = 10.0.40219.1
Project("{FAE04EC0-301F-11D3-BF4B-00C04F79EFBC}") = "UnitTestProject1", "UnitTestProject1\UnitTestProject1.csproj", "{5462AEB2-25BB-4106-AFAB-16F32240FE76}"
EndProject
Global
	GlobalSection(SolutionConfigurationPlatforms) = preSolution
		Debug|Any CPU = Debug|Any CPU
		Release|Any CPU = Release|Any CPU
	EndGlobalSection
	GlobalSection(ProjectConfigurationPlatforms) = postSolution
		{5462AEB2-25BB-4106-AFAB-16F32240FE76}.Debug|Any CPU.ActiveCfg = Debug|Any CPU
		{5462AEB2-25BB-4106-AFAB-16F32240FE76}.Debug|Any CPU.Build.0 = Debug|Any CPU
		{5462AEB2-25BB-4106-AFAB-16F32240FE76}.Release|Any CPU.ActiveCfg = Release|Any CPU
		{5462AEB2-25BB-4106-AFAB-16F32240FE76}.Release|Any CPU.Build.0 = Release|Any CPU
	EndGlobalSection
	GlobalSection(SolutionProperties) = preSolution
		HideSolutionNode = FALSE
	EndGlobalSection
	GlobalSection(ExtensibilityGlobals) = postSolution
		SolutionGuid = {BB711C41-9403-4792-8C07-DB3BFFE9895A}
	EndGlobalSection
EndGlobal
