
Microsoft Visual Studio Solution File, Format Version 12.00
# Visual Studio 15
VisualStudioVersion = 15.0.28010.2016
MinimumVisualStudioVersion = 10.0.40219.1
Project("{FAE04EC0-301F-11D3-BF4B-00C04F79EFBC}") = "Calculator", "Calculator\Calculator.csproj", "{12AE6BB3-15DF-42CB-85DA-D4EC75974FDE}"
EndProject
Project("{FAE04EC0-301F-11D3-BF4B-00C04F79EFBC}") = "CalculatorUnitTest", "CalculatorUnitTest\CalculatorUnitTest.csproj", "{5F915205-CB8D-45D7-922A-257ACB7EBD18}"
EndProject
Global
	GlobalSection(SolutionConfigurationPlatforms) = preSolution
		Debug|Any CPU = Debug|Any CPU
		Release|Any CPU = Release|Any CPU
	EndGlobalSection
	GlobalSection(ProjectConfigurationPlatforms) = postSolution
		{12AE6BB3-15DF-42CB-85DA-D4EC75974FDE}.Debug|Any CPU.ActiveCfg = Debug|Any CPU
		{12AE6BB3-15DF-42CB-85DA-D4EC75974FDE}.Debug|Any CPU.Build.0 = Debug|Any CPU
		{12AE6BB3-15DF-42CB-85DA-D4EC75974FDE}.Release|Any CPU.ActiveCfg = Release|Any CPU
		{12AE6BB3-15DF-42CB-85DA-D4EC75974FDE}.Release|Any CPU.Build.0 = Release|Any CPU
		{5F915205-CB8D-45D7-922A-257ACB7EBD18}.Debug|Any CPU.ActiveCfg = Debug|Any CPU
		{5F915205-CB8D-45D7-922A-257ACB7EBD18}.Debug|Any CPU.Build.0 = Debug|Any CPU
		{5F915205-CB8D-45D7-922A-257ACB7EBD18}.Release|Any CPU.ActiveCfg = Release|Any CPU
		{5F915205-CB8D-45D7-922A-257ACB7EBD18}.Release|Any CPU.Build.0 = Release|Any CPU
	EndGlobalSection
	GlobalSection(SolutionProperties) = preSolution
		HideSolutionNode = FALSE
	EndGlobalSection
	GlobalSection(ExtensibilityGlobals) = postSolution
		SolutionGuid = {4EB757DE-2CD3-442B-8F0F-027CBE6E66AB}
	EndGlobalSection
EndGlobal
