
Microsoft Visual Studio Solution File, Format Version 12.00
# Visual Studio 15
VisualStudioVersion = 15.0.28307.489
MinimumVisualStudioVersion = 10.0.40219.1
Project("{FAE04EC0-301F-11D3-BF4B-00C04F79EFBC}") = "四则运算", "四则运算\四则运算.csproj", "{16A48F0A-D31F-4375-8B72-1BB8472A9F02}"
EndProject
Global
	GlobalSection(SolutionConfigurationPlatforms) = preSolution
		Debug|Any CPU = Debug|Any CPU
		Release|Any CPU = Release|Any CPU
	EndGlobalSection
	GlobalSection(ProjectConfigurationPlatforms) = postSolution
		{16A48F0A-D31F-4375-8B72-1BB8472A9F02}.Debug|Any CPU.ActiveCfg = Debug|Any CPU
		{16A48F0A-D31F-4375-8B72-1BB8472A9F02}.Debug|Any CPU.Build.0 = Debug|Any CPU
		{16A48F0A-D31F-4375-8B72-1BB8472A9F02}.Release|Any CPU.ActiveCfg = Release|Any CPU
		{16A48F0A-D31F-4375-8B72-1BB8472A9F02}.Release|Any CPU.Build.0 = Release|Any CPU
	EndGlobalSection
	GlobalSection(SolutionProperties) = preSolution
		HideSolutionNode = FALSE
	EndGlobalSection
	GlobalSection(ExtensibilityGlobals) = postSolution
		SolutionGuid = {FA314AB1-4127-46F6-9983-4221CA581103}
	EndGlobalSection
EndGlobal
