
Microsoft Visual Studio Solution File, Format Version 12.00
# Visual Studio 15
VisualStudioVersion = 15.0.28307.489
MinimumVisualStudioVersion = 10.0.40219.1
Project("{FAE04EC0-301F-11D3-BF4B-00C04F79EFBC}") = "haveadate", "haveadate\haveadate.csproj", "{8158CD52-F1D4-475A-8C06-F58FD6FD5176}"
EndProject
Project("{FAE04EC0-301F-11D3-BF4B-00C04F79EFBC}") = "CalculatorUnitTest", "CalculatorUnitTest\CalculatorUnitTest.csproj", "{776F3080-69BC-4F35-BEDA-F2EFF8384F75}"
EndProject
Global
	GlobalSection(SolutionConfigurationPlatforms) = preSolution
		Debug|Any CPU = Debug|Any CPU
		Release|Any CPU = Release|Any CPU
	EndGlobalSection
	GlobalSection(ProjectConfigurationPlatforms) = postSolution
		{8158CD52-F1D4-475A-8C06-F58FD6FD5176}.Debug|Any CPU.ActiveCfg = Debug|Any CPU
		{8158CD52-F1D4-475A-8C06-F58FD6FD5176}.Debug|Any CPU.Build.0 = Debug|Any CPU
		{8158CD52-F1D4-475A-8C06-F58FD6FD5176}.Release|Any CPU.ActiveCfg = Release|Any CPU
		{8158CD52-F1D4-475A-8C06-F58FD6FD5176}.Release|Any CPU.Build.0 = Release|Any CPU
		{776F3080-69BC-4F35-BEDA-F2EFF8384F75}.Debug|Any CPU.ActiveCfg = Debug|Any CPU
		{776F3080-69BC-4F35-BEDA-F2EFF8384F75}.Debug|Any CPU.Build.0 = Debug|Any CPU
		{776F3080-69BC-4F35-BEDA-F2EFF8384F75}.Release|Any CPU.ActiveCfg = Release|Any CPU
		{776F3080-69BC-4F35-BEDA-F2EFF8384F75}.Release|Any CPU.Build.0 = Release|Any CPU
	EndGlobalSection
	GlobalSection(SolutionProperties) = preSolution
		HideSolutionNode = FALSE
	EndGlobalSection
	GlobalSection(ExtensibilityGlobals) = postSolution
		SolutionGuid = {2FB02810-DBA5-4782-A07A-1A9567B70300}
	EndGlobalSection
EndGlobal
