
Microsoft Visual Studio Solution File, Format Version 12.00
# Visual Studio 15
VisualStudioVersion = 15.0.28010.2016
MinimumVisualStudioVersion = 10.0.40219.1
Project("{FAE04EC0-301F-11D3-BF4B-00C04F79EFBC}") = "Calculator", "Calculator\Calculator.csproj", "{CBAE8FC9-3B76-47EA-A073-E1DFFA9240D6}"
EndProject
Project("{FAE04EC0-301F-11D3-BF4B-00C04F79EFBC}") = "CalculatorUnitTest", "CalculatorUnitTest\CalculatorUnitTest.csproj", "{F2842DDB-B940-4E70-93F7-45DE5E87925E}"
EndProject
Project("{FAE04EC0-301F-11D3-BF4B-00C04F79EFBC}") = "CalculatorTests", "CalculatorTests\CalculatorTests.csproj", "{19BB8215-54CA-4CAF-AF92-0E4EEB93F0E5}"
EndProject
Global
	GlobalSection(SolutionConfigurationPlatforms) = preSolution
		Debug|Any CPU = Debug|Any CPU
		Release|Any CPU = Release|Any CPU
	EndGlobalSection
	GlobalSection(ProjectConfigurationPlatforms) = postSolution
		{CBAE8FC9-3B76-47EA-A073-E1DFFA9240D6}.Debug|Any CPU.ActiveCfg = Debug|Any CPU
		{CBAE8FC9-3B76-47EA-A073-E1DFFA9240D6}.Debug|Any CPU.Build.0 = Debug|Any CPU
		{CBAE8FC9-3B76-47EA-A073-E1DFFA9240D6}.Release|Any CPU.ActiveCfg = Release|Any CPU
		{CBAE8FC9-3B76-47EA-A073-E1DFFA9240D6}.Release|Any CPU.Build.0 = Release|Any CPU
		{F2842DDB-B940-4E70-93F7-45DE5E87925E}.Debug|Any CPU.ActiveCfg = Debug|Any CPU
		{F2842DDB-B940-4E70-93F7-45DE5E87925E}.Debug|Any CPU.Build.0 = Debug|Any CPU
		{F2842DDB-B940-4E70-93F7-45DE5E87925E}.Release|Any CPU.ActiveCfg = Release|Any CPU
		{F2842DDB-B940-4E70-93F7-45DE5E87925E}.Release|Any CPU.Build.0 = Release|Any CPU
		{19BB8215-54CA-4CAF-AF92-0E4EEB93F0E5}.Debug|Any CPU.ActiveCfg = Debug|Any CPU
		{19BB8215-54CA-4CAF-AF92-0E4EEB93F0E5}.Debug|Any CPU.Build.0 = Debug|Any CPU
		{19BB8215-54CA-4CAF-AF92-0E4EEB93F0E5}.Release|Any CPU.ActiveCfg = Release|Any CPU
		{19BB8215-54CA-4CAF-AF92-0E4EEB93F0E5}.Release|Any CPU.Build.0 = Release|Any CPU
	EndGlobalSection
	GlobalSection(SolutionProperties) = preSolution
		HideSolutionNode = FALSE
	EndGlobalSection
	GlobalSection(ExtensibilityGlobals) = postSolution
		SolutionGuid = {72D062FF-2EA2-497A-898F-8335EBB53A3A}
	EndGlobalSection
EndGlobal
