
Microsoft Visual Studio Solution File, Format Version 12.00
# Visual Studio 15
VisualStudioVersion = 15.0.28307.489
MinimumVisualStudioVersion = 10.0.40219.1
Project("{FAE04EC0-301F-11D3-BF4B-00C04F79EFBC}") = "ConsoleApp1", "ConsoleApp1\ConsoleApp1.csproj", "{0E432997-9625-4609-BDA6-F4B05A1EEBEB}"
EndProject
Project("{FAE04EC0-301F-11D3-BF4B-00C04F79EFBC}") = "CalculatorUnitTest", "CalculatorUnitTest\CalculatorUnitTest.csproj", "{8C9B20D9-5B9B-4940-AD8D-F077912F5FCC}"
EndProject
Project("{FAE04EC0-301F-11D3-BF4B-00C04F79EFBC}") = "CalculatorUnitTest1", "CalculatorUnitTest1\CalculatorUnitTest1.csproj", "{A23521B8-583E-42DD-8558-8ED0ACABBE36}"
EndProject
Global
	GlobalSection(SolutionConfigurationPlatforms) = preSolution
		Debug|Any CPU = Debug|Any CPU
		Release|Any CPU = Release|Any CPU
	EndGlobalSection
	GlobalSection(ProjectConfigurationPlatforms) = postSolution
		{0E432997-9625-4609-BDA6-F4B05A1EEBEB}.Debug|Any CPU.ActiveCfg = Debug|Any CPU
		{0E432997-9625-4609-BDA6-F4B05A1EEBEB}.Debug|Any CPU.Build.0 = Debug|Any CPU
		{0E432997-9625-4609-BDA6-F4B05A1EEBEB}.Release|Any CPU.ActiveCfg = Release|Any CPU
		{0E432997-9625-4609-BDA6-F4B05A1EEBEB}.Release|Any CPU.Build.0 = Release|Any CPU
		{8C9B20D9-5B9B-4940-AD8D-F077912F5FCC}.Debug|Any CPU.ActiveCfg = Debug|Any CPU
		{8C9B20D9-5B9B-4940-AD8D-F077912F5FCC}.Debug|Any CPU.Build.0 = Debug|Any CPU
		{8C9B20D9-5B9B-4940-AD8D-F077912F5FCC}.Release|Any CPU.ActiveCfg = Release|Any CPU
		{8C9B20D9-5B9B-4940-AD8D-F077912F5FCC}.Release|Any CPU.Build.0 = Release|Any CPU
		{A23521B8-583E-42DD-8558-8ED0ACABBE36}.Debug|Any CPU.ActiveCfg = Debug|Any CPU
		{A23521B8-583E-42DD-8558-8ED0ACABBE36}.Debug|Any CPU.Build.0 = Debug|Any CPU
		{A23521B8-583E-42DD-8558-8ED0ACABBE36}.Release|Any CPU.ActiveCfg = Release|Any CPU
		{A23521B8-583E-42DD-8558-8ED0ACABBE36}.Release|Any CPU.Build.0 = Release|Any CPU
	EndGlobalSection
	GlobalSection(SolutionProperties) = preSolution
		HideSolutionNode = FALSE
	EndGlobalSection
	GlobalSection(ExtensibilityGlobals) = postSolution
		SolutionGuid = {FF1B120D-C2F2-427E-8323-A111F28712D9}
	EndGlobalSection
EndGlobal
