
Microsoft Visual Studio Solution File, Format Version 12.00
# Visual Studio 15
VisualStudioVersion = 15.0.28307.489
MinimumVisualStudioVersion = 10.0.40219.1
Project("{FAE04EC0-301F-11D3-BF4B-00C04F79EFBC}") = "Calculator", "Calculator\Calculator.csproj", "{BC1091FA-EEEC-4E0A-85BE-3CF55F6CEDD7}"
EndProject
Project("{FAE04EC0-301F-11D3-BF4B-00C04F79EFBC}") = "CalculatorUnitTest", "CalculatorUnitTest\CalculatorUnitTest.csproj", "{7B23A783-AA3A-4600-BDF0-0417BB6BB5C7}"
EndProject
Global
	GlobalSection(SolutionConfigurationPlatforms) = preSolution
		Debug|Any CPU = Debug|Any CPU
		Debug|ARM = Debug|ARM
		Debug|ARM64 = Debug|ARM64
		Debug|x64 = Debug|x64
		Debug|x86 = Debug|x86
		Release|Any CPU = Release|Any CPU
		Release|ARM = Release|ARM
		Release|ARM64 = Release|ARM64
		Release|x64 = Release|x64
		Release|x86 = Release|x86
	EndGlobalSection
	GlobalSection(ProjectConfigurationPlatforms) = postSolution
		{BC1091FA-EEEC-4E0A-85BE-3CF55F6CEDD7}.Debug|Any CPU.ActiveCfg = Debug|Any CPU
		{BC1091FA-EEEC-4E0A-85BE-3CF55F6CEDD7}.Debug|Any CPU.Build.0 = Debug|Any CPU
		{BC1091FA-EEEC-4E0A-85BE-3CF55F6CEDD7}.Debug|ARM.ActiveCfg = Debug|Any CPU
		{BC1091FA-EEEC-4E0A-85BE-3CF55F6CEDD7}.Debug|ARM.Build.0 = Debug|Any CPU
		{BC1091FA-EEEC-4E0A-85BE-3CF55F6CEDD7}.Debug|ARM64.ActiveCfg = Debug|Any CPU
		{BC1091FA-EEEC-4E0A-85BE-3CF55F6CEDD7}.Debug|ARM64.Build.0 = Debug|Any CPU
		{BC1091FA-EEEC-4E0A-85BE-3CF55F6CEDD7}.Debug|x64.ActiveCfg = Debug|Any CPU
		{BC1091FA-EEEC-4E0A-85BE-3CF55F6CEDD7}.Debug|x64.Build.0 = Debug|Any CPU
		{BC1091FA-EEEC-4E0A-85BE-3CF55F6CEDD7}.Debug|x86.ActiveCfg = Debug|Any CPU
		{BC1091FA-EEEC-4E0A-85BE-3CF55F6CEDD7}.Debug|x86.Build.0 = Debug|Any CPU
		{BC1091FA-EEEC-4E0A-85BE-3CF55F6CEDD7}.Release|Any CPU.ActiveCfg = Release|Any CPU
		{BC1091FA-EEEC-4E0A-85BE-3CF55F6CEDD7}.Release|Any CPU.Build.0 = Release|Any CPU
		{BC1091FA-EEEC-4E0A-85BE-3CF55F6CEDD7}.Release|ARM.ActiveCfg = Release|Any CPU
		{BC1091FA-EEEC-4E0A-85BE-3CF55F6CEDD7}.Release|ARM.Build.0 = Release|Any CPU
		{BC1091FA-EEEC-4E0A-85BE-3CF55F6CEDD7}.Release|ARM64.ActiveCfg = Release|Any CPU
		{BC1091FA-EEEC-4E0A-85BE-3CF55F6CEDD7}.Release|ARM64.Build.0 = Release|Any CPU
		{BC1091FA-EEEC-4E0A-85BE-3CF55F6CEDD7}.Release|x64.ActiveCfg = Release|Any CPU
		{BC1091FA-EEEC-4E0A-85BE-3CF55F6CEDD7}.Release|x64.Build.0 = Release|Any CPU
		{BC1091FA-EEEC-4E0A-85BE-3CF55F6CEDD7}.Release|x86.ActiveCfg = Release|Any CPU
		{BC1091FA-EEEC-4E0A-85BE-3CF55F6CEDD7}.Release|x86.Build.0 = Release|Any CPU
		{7B23A783-AA3A-4600-BDF0-0417BB6BB5C7}.Debug|Any CPU.ActiveCfg = Debug|Any CPU
		{7B23A783-AA3A-4600-BDF0-0417BB6BB5C7}.Debug|Any CPU.Build.0 = Debug|Any CPU
		{7B23A783-AA3A-4600-BDF0-0417BB6BB5C7}.Debug|ARM.ActiveCfg = Debug|Any CPU
		{7B23A783-AA3A-4600-BDF0-0417BB6BB5C7}.Debug|ARM.Build.0 = Debug|Any CPU
		{7B23A783-AA3A-4600-BDF0-0417BB6BB5C7}.Debug|ARM64.ActiveCfg = Debug|Any CPU
		{7B23A783-AA3A-4600-BDF0-0417BB6BB5C7}.Debug|ARM64.Build.0 = Debug|Any CPU
		{7B23A783-AA3A-4600-BDF0-0417BB6BB5C7}.Debug|x64.ActiveCfg = Debug|Any CPU
		{7B23A783-AA3A-4600-BDF0-0417BB6BB5C7}.Debug|x64.Build.0 = Debug|Any CPU
		{7B23A783-AA3A-4600-BDF0-0417BB6BB5C7}.Debug|x86.ActiveCfg = Debug|Any CPU
		{7B23A783-AA3A-4600-BDF0-0417BB6BB5C7}.Debug|x86.Build.0 = Debug|Any CPU
		{7B23A783-AA3A-4600-BDF0-0417BB6BB5C7}.Release|Any CPU.ActiveCfg = Release|Any CPU
		{7B23A783-AA3A-4600-BDF0-0417BB6BB5C7}.Release|Any CPU.Build.0 = Release|Any CPU
		{7B23A783-AA3A-4600-BDF0-0417BB6BB5C7}.Release|ARM.ActiveCfg = Release|Any CPU
		{7B23A783-AA3A-4600-BDF0-0417BB6BB5C7}.Release|ARM.Build.0 = Release|Any CPU
		{7B23A783-AA3A-4600-BDF0-0417BB6BB5C7}.Release|ARM64.ActiveCfg = Release|Any CPU
		{7B23A783-AA3A-4600-BDF0-0417BB6BB5C7}.Release|ARM64.Build.0 = Release|Any CPU
		{7B23A783-AA3A-4600-BDF0-0417BB6BB5C7}.Release|x64.ActiveCfg = Release|Any CPU
		{7B23A783-AA3A-4600-BDF0-0417BB6BB5C7}.Release|x64.Build.0 = Release|Any CPU
		{7B23A783-AA3A-4600-BDF0-0417BB6BB5C7}.Release|x86.ActiveCfg = Release|Any CPU
		{7B23A783-AA3A-4600-BDF0-0417BB6BB5C7}.Release|x86.Build.0 = Release|Any CPU
	EndGlobalSection
	GlobalSection(SolutionProperties) = preSolution
		HideSolutionNode = FALSE
	EndGlobalSection
	GlobalSection(ExtensibilityGlobals) = postSolution
		SolutionGuid = {9F9B8035-A567-429E-AC9E-D0C43D17F575}
	EndGlobalSection
EndGlobal
