
Microsoft Visual Studio Solution File, Format Version 12.00
# Visual Studio 15
VisualStudioVersion = 15.0.28307.489
MinimumVisualStudioVersion = 10.0.40219.1
Project("{FAE04EC0-301F-11D3-BF4B-00C04F79EFBC}") = "ConsoleApp1", "ConsoleApp1\ConsoleApp1.csproj", "{45ECCC54-3BFB-4BE0-A782-FE4830942D69}"
EndProject
Project("{FAE04EC0-301F-11D3-BF4B-00C04F79EFBC}") = "ConsoleApp1Tests", "ConsoleApp1Tests\ConsoleApp1Tests.csproj", "{D9E86525-27F5-4511-833F-A4408ADE1DCC}"
EndProject
Global
	GlobalSection(SolutionConfigurationPlatforms) = preSolution
		Debug|Any CPU = Debug|Any CPU
		Release|Any CPU = Release|Any CPU
	EndGlobalSection
	GlobalSection(ProjectConfigurationPlatforms) = postSolution
		{45ECCC54-3BFB-4BE0-A782-FE4830942D69}.Debug|Any CPU.ActiveCfg = Debug|Any CPU
		{45ECCC54-3BFB-4BE0-A782-FE4830942D69}.Debug|Any CPU.Build.0 = Debug|Any CPU
		{45ECCC54-3BFB-4BE0-A782-FE4830942D69}.Release|Any CPU.ActiveCfg = Release|Any CPU
		{45ECCC54-3BFB-4BE0-A782-FE4830942D69}.Release|Any CPU.Build.0 = Release|Any CPU
		{D9E86525-27F5-4511-833F-A4408ADE1DCC}.Debug|Any CPU.ActiveCfg = Debug|Any CPU
		{D9E86525-27F5-4511-833F-A4408ADE1DCC}.Debug|Any CPU.Build.0 = Debug|Any CPU
		{D9E86525-27F5-4511-833F-A4408ADE1DCC}.Release|Any CPU.ActiveCfg = Release|Any CPU
		{D9E86525-27F5-4511-833F-A4408ADE1DCC}.Release|Any CPU.Build.0 = Release|Any CPU
	EndGlobalSection
	GlobalSection(SolutionProperties) = preSolution
		HideSolutionNode = FALSE
	EndGlobalSection
	GlobalSection(ExtensibilityGlobals) = postSolution
		SolutionGuid = {C09A75E0-A75F-4DA4-82DA-4C2A3480C5B9}
	EndGlobalSection
EndGlobal
