
Microsoft Visual Studio Solution File, Format Version 12.00
# Visual Studio 15
VisualStudioVersion = 15.0.28307.489
MinimumVisualStudioVersion = 10.0.40219.1
Project("{FAE04EC0-301F-11D3-BF4B-00C04F79EFBC}") = "ConsoleApp1", "ConsoleApp1\ConsoleApp1.csproj", "{CEE458AF-DC92-4BE2-B186-D94C651B58A7}"
EndProject
Global
	GlobalSection(SolutionConfigurationPlatforms) = preSolution
		Debug|Any CPU = Debug|Any CPU
		Release|Any CPU = Release|Any CPU
	EndGlobalSection
	GlobalSection(ProjectConfigurationPlatforms) = postSolution
		{CEE458AF-DC92-4BE2-B186-D94C651B58A7}.Debug|Any CPU.ActiveCfg = Debug|Any CPU
		{CEE458AF-DC92-4BE2-B186-D94C651B58A7}.Debug|Any CPU.Build.0 = Debug|Any CPU
		{CEE458AF-DC92-4BE2-B186-D94C651B58A7}.Release|Any CPU.ActiveCfg = Release|Any CPU
		{CEE458AF-DC92-4BE2-B186-D94C651B58A7}.Release|Any CPU.Build.0 = Release|Any CPU
	EndGlobalSection
	GlobalSection(SolutionProperties) = preSolution
		HideSolutionNode = FALSE
	EndGlobalSection
	GlobalSection(ExtensibilityGlobals) = postSolution
		SolutionGuid = {6AE25737-2D94-4151-A610-4CF0C86E797D}
	EndGlobalSection
EndGlobal
